
Microsoft Visual Studio Solution File, Format Version 12.00
# Visual Studio Version 17
VisualStudioVersion = 17.14.36310.24
MinimumVisualStudioVersion = 10.0.40219.1
Project("{FAE04EC0-301F-11D3-BF4B-00C04F79EFBC}") = "DH.GitProxyCloner", "DH.GitProxyCloner\DH.GitProxyCloner.csproj", "{759455F2-2B19-43DB-B814-6DC66743D3B5}"
EndProject
Global
	GlobalSection(SolutionConfigurationPlatforms) = preSolution
		Debug|Any CPU = Debug|Any CPU
		Release|Any CPU = Release|Any CPU
	EndGlobalSection
	GlobalSection(ProjectConfigurationPlatforms) = postSolution
		{759455F2-2B19-43DB-B814-6DC66743D3B5}.Debug|Any CPU.ActiveCfg = Debug|Any CPU
		{759455F2-2B19-43DB-B814-6DC66743D3B5}.Debug|Any CPU.Build.0 = Debug|Any CPU
		{759455F2-2B19-43DB-B814-6DC66743D3B5}.Release|Any CPU.ActiveCfg = Release|Any CPU
		{759455F2-2B19-43DB-B814-6DC66743D3B5}.Release|Any CPU.Build.0 = Release|Any CPU
	EndGlobalSection
	GlobalSection(SolutionProperties) = preSolution
		HideSolutionNode = FALSE
	EndGlobalSection
	GlobalSection(ExtensibilityGlobals) = postSolution
		SolutionGuid = {F436DFE9-C0AC-48CA-9231-321A7CD82A99}
	EndGlobalSection
EndGlobal
